
Microsoft Visual Studio Solution File, Format Version 12.00
# Visual Studio 2012
Project("{8BC9CEB8-8B4A-11D0-8D11-00A0C91BC942}") = "maria_kart", "maria_kart.vcxproj", "{31B341EA-7CBD-4CFE-8D01-2F74F81D4044}"
EndProject
Global
	GlobalSection(SubversionScc) = preSolution
		Svn-Managed = True
		Manager = AnkhSVN - Subversion Support for Visual Studio
	EndGlobalSection
	GlobalSection(SolutionConfigurationPlatforms) = preSolution
		Debug|Win32 = Debug|Win32
		Release|Win32 = Release|Win32
	EndGlobalSection
	GlobalSection(ProjectConfigurationPlatforms) = postSolution
		{31B341EA-7CBD-4CFE-8D01-2F74F81D4044}.Debug|Win32.ActiveCfg = Debug|Win32
		{31B341EA-7CBD-4CFE-8D01-2F74F81D4044}.Debug|Win32.Build.0 = Debug|Win32
		{31B341EA-7CBD-4CFE-8D01-2F74F81D4044}.Release|Win32.ActiveCfg = Release|Win32
		{31B341EA-7CBD-4CFE-8D01-2F74F81D4044}.Release|Win32.Build.0 = Release|Win32
	EndGlobalSection
	GlobalSection(SolutionProperties) = preSolution
		HideSolutionNode = FALSE
	EndGlobalSection
EndGlobal
